
Microsoft Visual Studio Solution File, Format Version 12.00
# Visual Studio Version 17
VisualStudioVersion = 17.14.36301.6 d17.14
MinimumVisualStudioVersion = 10.0.40219.1
Project("{FAE04EC0-301F-11D3-BF4B-00C04F79EFBC}") = "server-api", "server-api\server-api.csproj", "{A567E495-C5C7-49C5-B4B2-8B5CBDA80CE8}"
EndProject
Global
	GlobalSection(SolutionConfigurationPlatforms) = preSolution
		Debug|Any CPU = Debug|Any CPU
		Release|Any CPU = Release|Any CPU
	EndGlobalSection
	GlobalSection(ProjectConfigurationPlatforms) = postSolution
		{A567E495-C5C7-49C5-B4B2-8B5CBDA80CE8}.Debug|Any CPU.ActiveCfg = Debug|Any CPU
		{A567E495-C5C7-49C5-B4B2-8B5CBDA80CE8}.Debug|Any CPU.Build.0 = Debug|Any CPU
		{A567E495-C5C7-49C5-B4B2-8B5CBDA80CE8}.Release|Any CPU.ActiveCfg = Release|Any CPU
		{A567E495-C5C7-49C5-B4B2-8B5CBDA80CE8}.Release|Any CPU.Build.0 = Release|Any CPU
	EndGlobalSection
	GlobalSection(SolutionProperties) = preSolution
		HideSolutionNode = FALSE
	EndGlobalSection
	GlobalSection(ExtensibilityGlobals) = postSolution
		SolutionGuid = {A2B3E65D-5990-4440-8C19-5E71B36FB8FE}
	EndGlobalSection
EndGlobal
